
Microsoft Visual Studio Solution File, Format Version 12.00
# Visual Studio Version 16
VisualStudioVersion = 16.0.31702.278
MinimumVisualStudioVersion = 10.0.40219.1
Project("{FAE04EC0-301F-11D3-BF4B-00C04F79EFBC}") = "HospitalManagement", "HospitalManagement\HospitalManagement.csproj", "{4C3BAE48-5F9B-4ABD-9F7E-05AC34A83A8E}"
EndProject
Global
	GlobalSection(SolutionConfigurationPlatforms) = preSolution
		Debug|Any CPU = Debug|Any CPU
		Release|Any CPU = Release|Any CPU
	EndGlobalSection
	GlobalSection(ProjectConfigurationPlatforms) = postSolution
		{4C3BAE48-5F9B-4ABD-9F7E-05AC34A83A8E}.Debug|Any CPU.ActiveCfg = Debug|Any CPU
		{4C3BAE48-5F9B-4ABD-9F7E-05AC34A83A8E}.Debug|Any CPU.Build.0 = Debug|Any CPU
		{4C3BAE48-5F9B-4ABD-9F7E-05AC34A83A8E}.Release|Any CPU.ActiveCfg = Release|Any CPU
		{4C3BAE48-5F9B-4ABD-9F7E-05AC34A83A8E}.Release|Any CPU.Build.0 = Release|Any CPU
	EndGlobalSection
	GlobalSection(SolutionProperties) = preSolution
		HideSolutionNode = FALSE
	EndGlobalSection
	GlobalSection(ExtensibilityGlobals) = postSolution
		SolutionGuid = {289C10BC-672E-4F79-B786-5D1B0B10D1A7}
	EndGlobalSection
EndGlobal
